{
  "nodes": {
    "nixpkgs": {
      "locked": {
        "lastModified": 1789145442,
        "narHash": "sha256-1mneLMJWnirq/yxJI4NjySY4Kn0I+tEBRT0EVVcha/E=",
        "owner": "NixOS",
        "repo": "nixpkgs",
        "rev": "6b84e2b229c8de643675f0521864ec49787f74d6",
        "type": "github"
      },
      "original": {
        "owner": "NixOS",
        "ref": "release-26.05",
        "repo": "nixpkgs",
        "type": "github"
      }
    },
    "root": {
      "inputs": {
        "nixpkgs": "nixpkgs"
      }
    }
  },
  "root": "root",
  "version": 7
}
